
Microsoft Visual Studio Solution File, Format Version 12.00
# Visual Studio Version 16
VisualStudioVersion = 16.0.29728.190
MinimumVisualStudioVersion = 10.0.40219.1
Project("{FAE04EC0-301F-11D3-BF4B-00C04F79EFBC}") = "MassTransitPublishApi", "MassTransitPublishApi\MassTransitPublishApi.csproj", "{A30598F0-C729-497A-BE2A-1BBAA34DF560}"
EndProject
Global
	GlobalSection(SolutionConfigurationPlatforms) = preSolution
		Debug|Any CPU = Debug|Any CPU
		Release|Any CPU = Release|Any CPU
	EndGlobalSection
	GlobalSection(ProjectConfigurationPlatforms) = postSolution
		{A30598F0-C729-497A-BE2A-1BBAA34DF560}.Debug|Any CPU.ActiveCfg = Debug|Any CPU
		{A30598F0-C729-497A-BE2A-1BBAA34DF560}.Debug|Any CPU.Build.0 = Debug|Any CPU
		{A30598F0-C729-497A-BE2A-1BBAA34DF560}.Release|Any CPU.ActiveCfg = Release|Any CPU
		{A30598F0-C729-497A-BE2A-1BBAA34DF560}.Release|Any CPU.Build.0 = Release|Any CPU
	EndGlobalSection
	GlobalSection(SolutionProperties) = preSolution
		HideSolutionNode = FALSE
	EndGlobalSection
	GlobalSection(ExtensibilityGlobals) = postSolution
		SolutionGuid = {BB6F8BF2-6BB5-46B9-838F-8CC05537001F}
	EndGlobalSection
EndGlobal
